
Microsoft Visual Studio Solution File, Format Version 12.00
# Visual Studio Version 17
VisualStudioVersion = 17.8.34525.116
MinimumVisualStudioVersion = 10.0.40219.1
Project("{FAE04EC0-301F-11D3-BF4B-00C04F79EFBC}") = "csv_dababinding", "csv_dababinding\csv_dababinding.csproj", "{3D224226-41A1-4FC4-A28C-2C0C2AFD3FF8}"
EndProject
Global
	GlobalSection(SolutionConfigurationPlatforms) = preSolution
		Debug|Any CPU = Debug|Any CPU
		Release|Any CPU = Release|Any CPU
	EndGlobalSection
	GlobalSection(ProjectConfigurationPlatforms) = postSolution
		{3D224226-41A1-4FC4-A28C-2C0C2AFD3FF8}.Debug|Any CPU.ActiveCfg = Debug|Any CPU
		{3D224226-41A1-4FC4-A28C-2C0C2AFD3FF8}.Debug|Any CPU.Build.0 = Debug|Any CPU
		{3D224226-41A1-4FC4-A28C-2C0C2AFD3FF8}.Release|Any CPU.ActiveCfg = Release|Any CPU
		{3D224226-41A1-4FC4-A28C-2C0C2AFD3FF8}.Release|Any CPU.Build.0 = Release|Any CPU
	EndGlobalSection
	GlobalSection(SolutionProperties) = preSolution
		HideSolutionNode = FALSE
	EndGlobalSection
	GlobalSection(ExtensibilityGlobals) = postSolution
		SolutionGuid = {F500FA75-A47E-4A21-AC00-C29EED8A4DE6}
	EndGlobalSection
EndGlobal
