
Microsoft Visual Studio Solution File, Format Version 12.00
# Visual Studio Version 17
VisualStudioVersion = 17.4.33122.133
MinimumVisualStudioVersion = 10.0.40219.1
Project("{FAE04EC0-301F-11D3-BF4B-00C04F79EFBC}") = "RemoteDBTest", "RemoteDBTest\RemoteDBTest.csproj", "{0880E057-06FE-4549-8D93-45EDA03058AA}"
EndProject
Global
	GlobalSection(SolutionConfigurationPlatforms) = preSolution
		Debug|Any CPU = Debug|Any CPU
		Release|Any CPU = Release|Any CPU
	EndGlobalSection
	GlobalSection(ProjectConfigurationPlatforms) = postSolution
		{0880E057-06FE-4549-8D93-45EDA03058AA}.Debug|Any CPU.ActiveCfg = Debug|Any CPU
		{0880E057-06FE-4549-8D93-45EDA03058AA}.Debug|Any CPU.Build.0 = Debug|Any CPU
		{0880E057-06FE-4549-8D93-45EDA03058AA}.Release|Any CPU.ActiveCfg = Release|Any CPU
		{0880E057-06FE-4549-8D93-45EDA03058AA}.Release|Any CPU.Build.0 = Release|Any CPU
	EndGlobalSection
	GlobalSection(SolutionProperties) = preSolution
		HideSolutionNode = FALSE
	EndGlobalSection
	GlobalSection(ExtensibilityGlobals) = postSolution
		SolutionGuid = {0ED1F292-2FEC-4C0A-8672-41848541C0D8}
	EndGlobalSection
EndGlobal
