
Microsoft Visual Studio Solution File, Format Version 12.00
# Visual Studio Version 17
VisualStudioVersion = 17.4.33122.133
MinimumVisualStudioVersion = 10.0.40219.1
Project("{FAE04EC0-301F-11D3-BF4B-00C04F79EFBC}") = "Többablakos", "Többablakos\Többablakos.csproj", "{69893720-3398-4066-9784-4BB8B5A460C7}"
EndProject
Global
	GlobalSection(SolutionConfigurationPlatforms) = preSolution
		Debug|Any CPU = Debug|Any CPU
		Release|Any CPU = Release|Any CPU
	EndGlobalSection
	GlobalSection(ProjectConfigurationPlatforms) = postSolution
		{69893720-3398-4066-9784-4BB8B5A460C7}.Debug|Any CPU.ActiveCfg = Debug|Any CPU
		{69893720-3398-4066-9784-4BB8B5A460C7}.Debug|Any CPU.Build.0 = Debug|Any CPU
		{69893720-3398-4066-9784-4BB8B5A460C7}.Release|Any CPU.ActiveCfg = Release|Any CPU
		{69893720-3398-4066-9784-4BB8B5A460C7}.Release|Any CPU.Build.0 = Release|Any CPU
	EndGlobalSection
	GlobalSection(SolutionProperties) = preSolution
		HideSolutionNode = FALSE
	EndGlobalSection
	GlobalSection(ExtensibilityGlobals) = postSolution
		SolutionGuid = {09CDD95E-A0A8-4768-900E-800F418428BD}
	EndGlobalSection
EndGlobal
