
Microsoft Visual Studio Solution File, Format Version 12.00
# Visual Studio Version 17
VisualStudioVersion = 17.8.34525.116
MinimumVisualStudioVersion = 10.0.40219.1
Project("{FAE04EC0-301F-11D3-BF4B-00C04F79EFBC}") = "hajos_binding", "hajos_binding\hajos_binding.csproj", "{56FD7D46-9D87-46CE-800F-281DDF86F3B5}"
EndProject
Global
	GlobalSection(SolutionConfigurationPlatforms) = preSolution
		Debug|Any CPU = Debug|Any CPU
		Release|Any CPU = Release|Any CPU
	EndGlobalSection
	GlobalSection(ProjectConfigurationPlatforms) = postSolution
		{56FD7D46-9D87-46CE-800F-281DDF86F3B5}.Debug|Any CPU.ActiveCfg = Debug|Any CPU
		{56FD7D46-9D87-46CE-800F-281DDF86F3B5}.Debug|Any CPU.Build.0 = Debug|Any CPU
		{56FD7D46-9D87-46CE-800F-281DDF86F3B5}.Release|Any CPU.ActiveCfg = Release|Any CPU
		{56FD7D46-9D87-46CE-800F-281DDF86F3B5}.Release|Any CPU.Build.0 = Release|Any CPU
	EndGlobalSection
	GlobalSection(SolutionProperties) = preSolution
		HideSolutionNode = FALSE
	EndGlobalSection
	GlobalSection(ExtensibilityGlobals) = postSolution
		SolutionGuid = {C8D58311-A070-4E4E-BBFC-D3E3A4B3227C}
	EndGlobalSection
EndGlobal
