
Microsoft Visual Studio Solution File, Format Version 10.00
# Visual C# Express 2008
Project("{FAE04EC0-301F-11D3-BF4B-00C04F79EFBC}") = "koch", "koch\koch.csproj", "{0BCBFCDA-3094-47B5-9B2E-5B47CC224790}"
EndProject
Global
	GlobalSection(SolutionConfigurationPlatforms) = preSolution
		Debug|Any CPU = Debug|Any CPU
		Release|Any CPU = Release|Any CPU
	EndGlobalSection
	GlobalSection(ProjectConfigurationPlatforms) = postSolution
		{0BCBFCDA-3094-47B5-9B2E-5B47CC224790}.Debug|Any CPU.ActiveCfg = Debug|Any CPU
		{0BCBFCDA-3094-47B5-9B2E-5B47CC224790}.Debug|Any CPU.Build.0 = Debug|Any CPU
		{0BCBFCDA-3094-47B5-9B2E-5B47CC224790}.Release|Any CPU.ActiveCfg = Release|Any CPU
		{0BCBFCDA-3094-47B5-9B2E-5B47CC224790}.Release|Any CPU.Build.0 = Release|Any CPU
	EndGlobalSection
	GlobalSection(SolutionProperties) = preSolution
		HideSolutionNode = FALSE
	EndGlobalSection
EndGlobal
