
Microsoft Visual Studio Solution File, Format Version 12.00
# Visual Studio Version 17
VisualStudioVersion = 17.4.33122.133
MinimumVisualStudioVersion = 10.0.40219.1
Project("{FAE04EC0-301F-11D3-BF4B-00C04F79EFBC}") = "koch", "koch\koch.csproj", "{0BCBFCDA-3094-47B5-9B2E-5B47CC224790}"
EndProject
Global
	GlobalSection(SolutionConfigurationPlatforms) = preSolution
		Debug|Any CPU = Debug|Any CPU
		Release|Any CPU = Release|Any CPU
	EndGlobalSection
	GlobalSection(ProjectConfigurationPlatforms) = postSolution
		{0BCBFCDA-3094-47B5-9B2E-5B47CC224790}.Debug|Any CPU.ActiveCfg = Debug|Any CPU
		{0BCBFCDA-3094-47B5-9B2E-5B47CC224790}.Debug|Any CPU.Build.0 = Debug|Any CPU
		{0BCBFCDA-3094-47B5-9B2E-5B47CC224790}.Release|Any CPU.ActiveCfg = Release|Any CPU
		{0BCBFCDA-3094-47B5-9B2E-5B47CC224790}.Release|Any CPU.Build.0 = Release|Any CPU
	EndGlobalSection
	GlobalSection(SolutionProperties) = preSolution
		HideSolutionNode = FALSE
	EndGlobalSection
	GlobalSection(ExtensibilityGlobals) = postSolution
		SolutionGuid = {30068324-3341-4B61-93CB-7E296E28619C}
	EndGlobalSection
EndGlobal
