
Microsoft Visual Studio Solution File, Format Version 12.00
# Visual Studio Version 17
VisualStudioVersion = 17.4.33122.133
MinimumVisualStudioVersion = 10.0.40219.1
Project("{FAE04EC0-301F-11D3-BF4B-00C04F79EFBC}") = "UseCourseScraper", "UseCourseScraper\UseCourseScraper.csproj", "{1F8C7204-1109-4EE2-99A1-FB3E621C3878}"
EndProject
Global
	GlobalSection(SolutionConfigurationPlatforms) = preSolution
		Debug|Any CPU = Debug|Any CPU
		Release|Any CPU = Release|Any CPU
	EndGlobalSection
	GlobalSection(ProjectConfigurationPlatforms) = postSolution
		{1F8C7204-1109-4EE2-99A1-FB3E621C3878}.Debug|Any CPU.ActiveCfg = Debug|Any CPU
		{1F8C7204-1109-4EE2-99A1-FB3E621C3878}.Debug|Any CPU.Build.0 = Debug|Any CPU
		{1F8C7204-1109-4EE2-99A1-FB3E621C3878}.Release|Any CPU.ActiveCfg = Release|Any CPU
		{1F8C7204-1109-4EE2-99A1-FB3E621C3878}.Release|Any CPU.Build.0 = Release|Any CPU
	EndGlobalSection
	GlobalSection(SolutionProperties) = preSolution
		HideSolutionNode = FALSE
	EndGlobalSection
	GlobalSection(ExtensibilityGlobals) = postSolution
		SolutionGuid = {B02E65D3-1450-4BA1-9E65-5A6F67CD4267}
	EndGlobalSection
EndGlobal
